
Microsoft Visual Studio Solution File, Format Version 12.00
# Visual Studio 15
VisualStudioVersion = 15.0.26124.0
MinimumVisualStudioVersion = 15.0.26124.0
Project("{2150E333-8FDC-42A3-9474-1A3956D46DE8}") = "Services", "Services", "{B0A5B487-B38C-4C58-A6F2-DFB66759966F}"
EndProject
Project("{FAE04EC0-301F-11D3-BF4B-00C04F79EFBC}") = "AuthService", "Services\AuthService\AuthService.csproj", "{95EE84C4-B645-48BB-9763-DFE42818E406}"
EndProject
Project("{2150E333-8FDC-42A3-9474-1A3956D46DE8}") = "Commom", "Commom", "{790E2909-D6FB-4306-A7A2-18642BBF88BF}"
EndProject
Project("{FAE04EC0-301F-11D3-BF4B-00C04F79EFBC}") = "AuthLibrary", "Commom\AuthLibrary\AuthLibrary.csproj", "{2E24F46D-B42B-4B03-86A8-2FD75E2792C9}"
EndProject
Project("{FAE04EC0-301F-11D3-BF4B-00C04F79EFBC}") = "General", "Commom\General\General.csproj", "{8EFC6C09-D9A7-401D-92BF-D92FDFDCFA9F}"
EndProject
Global
	GlobalSection(SolutionConfigurationPlatforms) = preSolution
		Debug|Any CPU = Debug|Any CPU
		Debug|x64 = Debug|x64
		Debug|x86 = Debug|x86
		Release|Any CPU = Release|Any CPU
		Release|x64 = Release|x64
		Release|x86 = Release|x86
	EndGlobalSection
	GlobalSection(SolutionProperties) = preSolution
		HideSolutionNode = FALSE
	EndGlobalSection
	GlobalSection(ProjectConfigurationPlatforms) = postSolution
		{95EE84C4-B645-48BB-9763-DFE42818E406}.Debug|Any CPU.ActiveCfg = Debug|Any CPU
		{95EE84C4-B645-48BB-9763-DFE42818E406}.Debug|Any CPU.Build.0 = Debug|Any CPU
		{95EE84C4-B645-48BB-9763-DFE42818E406}.Debug|x64.ActiveCfg = Debug|Any CPU
		{95EE84C4-B645-48BB-9763-DFE42818E406}.Debug|x64.Build.0 = Debug|Any CPU
		{95EE84C4-B645-48BB-9763-DFE42818E406}.Debug|x86.ActiveCfg = Debug|Any CPU
		{95EE84C4-B645-48BB-9763-DFE42818E406}.Debug|x86.Build.0 = Debug|Any CPU
		{95EE84C4-B645-48BB-9763-DFE42818E406}.Release|Any CPU.ActiveCfg = Release|Any CPU
		{95EE84C4-B645-48BB-9763-DFE42818E406}.Release|Any CPU.Build.0 = Release|Any CPU
		{95EE84C4-B645-48BB-9763-DFE42818E406}.Release|x64.ActiveCfg = Release|Any CPU
		{95EE84C4-B645-48BB-9763-DFE42818E406}.Release|x64.Build.0 = Release|Any CPU
		{95EE84C4-B645-48BB-9763-DFE42818E406}.Release|x86.ActiveCfg = Release|Any CPU
		{95EE84C4-B645-48BB-9763-DFE42818E406}.Release|x86.Build.0 = Release|Any CPU
		{2E24F46D-B42B-4B03-86A8-2FD75E2792C9}.Debug|Any CPU.ActiveCfg = Debug|Any CPU
		{2E24F46D-B42B-4B03-86A8-2FD75E2792C9}.Debug|Any CPU.Build.0 = Debug|Any CPU
		{2E24F46D-B42B-4B03-86A8-2FD75E2792C9}.Debug|x64.ActiveCfg = Debug|Any CPU
		{2E24F46D-B42B-4B03-86A8-2FD75E2792C9}.Debug|x64.Build.0 = Debug|Any CPU
		{2E24F46D-B42B-4B03-86A8-2FD75E2792C9}.Debug|x86.ActiveCfg = Debug|Any CPU
		{2E24F46D-B42B-4B03-86A8-2FD75E2792C9}.Debug|x86.Build.0 = Debug|Any CPU
		{2E24F46D-B42B-4B03-86A8-2FD75E2792C9}.Release|Any CPU.ActiveCfg = Release|Any CPU
		{2E24F46D-B42B-4B03-86A8-2FD75E2792C9}.Release|Any CPU.Build.0 = Release|Any CPU
		{2E24F46D-B42B-4B03-86A8-2FD75E2792C9}.Release|x64.ActiveCfg = Release|Any CPU
		{2E24F46D-B42B-4B03-86A8-2FD75E2792C9}.Release|x64.Build.0 = Release|Any CPU
		{2E24F46D-B42B-4B03-86A8-2FD75E2792C9}.Release|x86.ActiveCfg = Release|Any CPU
		{2E24F46D-B42B-4B03-86A8-2FD75E2792C9}.Release|x86.Build.0 = Release|Any CPU
		{8EFC6C09-D9A7-401D-92BF-D92FDFDCFA9F}.Debug|Any CPU.ActiveCfg = Debug|Any CPU
		{8EFC6C09-D9A7-401D-92BF-D92FDFDCFA9F}.Debug|Any CPU.Build.0 = Debug|Any CPU
		{8EFC6C09-D9A7-401D-92BF-D92FDFDCFA9F}.Debug|x64.ActiveCfg = Debug|Any CPU
		{8EFC6C09-D9A7-401D-92BF-D92FDFDCFA9F}.Debug|x64.Build.0 = Debug|Any CPU
		{8EFC6C09-D9A7-401D-92BF-D92FDFDCFA9F}.Debug|x86.ActiveCfg = Debug|Any CPU
		{8EFC6C09-D9A7-401D-92BF-D92FDFDCFA9F}.Debug|x86.Build.0 = Debug|Any CPU
		{8EFC6C09-D9A7-401D-92BF-D92FDFDCFA9F}.Release|Any CPU.ActiveCfg = Release|Any CPU
		{8EFC6C09-D9A7-401D-92BF-D92FDFDCFA9F}.Release|Any CPU.Build.0 = Release|Any CPU
		{8EFC6C09-D9A7-401D-92BF-D92FDFDCFA9F}.Release|x64.ActiveCfg = Release|Any CPU
		{8EFC6C09-D9A7-401D-92BF-D92FDFDCFA9F}.Release|x64.Build.0 = Release|Any CPU
		{8EFC6C09-D9A7-401D-92BF-D92FDFDCFA9F}.Release|x86.ActiveCfg = Release|Any CPU
		{8EFC6C09-D9A7-401D-92BF-D92FDFDCFA9F}.Release|x86.Build.0 = Release|Any CPU
	EndGlobalSection
	GlobalSection(NestedProjects) = preSolution
		{95EE84C4-B645-48BB-9763-DFE42818E406} = {B0A5B487-B38C-4C58-A6F2-DFB66759966F}
		{2E24F46D-B42B-4B03-86A8-2FD75E2792C9} = {790E2909-D6FB-4306-A7A2-18642BBF88BF}
		{8EFC6C09-D9A7-401D-92BF-D92FDFDCFA9F} = {790E2909-D6FB-4306-A7A2-18642BBF88BF}
	EndGlobalSection
EndGlobal
